// !$*UTF8*$!
{
	archiveVersion = 1;
	classes = {
	};
	objectVersion = 46;
	objects = {

/* Begin PBXBuildFile section */
		C212926C1B28EA1A009CEDBC /* AppDelegate.swift in Sources */ = {isa = PBXBuildFile; fileRef = C212926B1B28EA1A009CEDBC /* AppDelegate.swift */; };
		C212926E1B28EA1A009CEDBC /* ViewController.swift in Sources */ = {isa = PBXBuildFile; fileRef = C212926D1B28EA1A009CEDBC /* ViewController.swift */; };
		C21292711B28EA1A009CEDBC /* Main.storyboard in Resources */ = {isa = PBXBuildFile; fileRef = C212926F1B28EA1A009CEDBC /* Main.storyboard */; };
		C21292731B28EA1A009CEDBC /* Images.xcassets in Resources */ = {isa = PBXBuildFile; fileRef = C21292721B28EA1A009CEDBC /* Images.xcassets */; };
		C21292761B28EA1A009CEDBC /* LaunchScreen.xib in Resources */ = {isa = PBXBuildFile; fileRef = C21292741B28EA1A009CEDBC /* LaunchScreen.xib */; };
		C21292821B28EA1A009CEDBC /* api_callsTests.swift in Sources */ = {isa = PBXBuildFile; fileRef = C21292811B28EA1A009CEDBC /* api_callsTests.swift */; };
/* End PBXBuildFile section */

/* Begin PBXContainerItemProxy section */
		C212927C1B28EA1A009CEDBC /* PBXContainerItemProxy */ = {
			isa = PBXContainerItemProxy;
			containerPortal = C212925E1B28EA1A009CEDBC /* Project object */;
			proxyType = 1;
			remoteGlobalIDString = C21292651B28EA1A009CEDBC;
			remoteInfo = api_calls;
		};
/* End PBXContainerItemProxy section */

/* Begin PBXFileReference section */
		C21292661B28EA1A009CEDBC /* api_calls.app */ = {isa = PBXFileReference; explicitFileType = wrapper.application; includeInIndex = 0; path = api_calls.app; sourceTree = BUILT_PRODUCTS_DIR; };
		C212926A1B28EA1A009CEDBC /* Info.plist */ = {isa = PBXFileReference; lastKnownFileType = text.plist.xml; path = Info.plist; sourceTree = "<group>"; };
		C212926B1B28EA1A009CEDBC /* AppDelegate.swift */ = {isa = PBXFileReference; lastKnownFileType = sourcecode.swift; path = AppDelegate.swift; sourceTree = "<group>"; };
		C212926D1B28EA1A009CEDBC /* ViewController.swift */ = {isa = PBXFileReference; lastKnownFileType = sourcecode.swift; path = ViewController.swift; sourceTree = "<group>"; };
		C21292701B28EA1A009CEDBC /* Base */ = {isa = PBXFileReference; lastKnownFileType = file.storyboard; name = Base; path = Base.lproj/Main.storyboard; sourceTree = "<group>"; };
		C21292721B28EA1A009CEDBC /* Images.xcassets */ = {isa = PBXFileReference; lastKnownFileType = folder.assetcatalog; path = Images.xcassets; sourceTree = "<group>"; };
		C21292751B28EA1A009CEDBC /* Base */ = {isa = PBXFileReference; lastKnownFileType = file.xib; name = Base; path = Base.lproj/LaunchScreen.xib; sourceTree = "<group>"; };
		C212927B1B28EA1A009CEDBC /* api_callsTests.xctest */ = {isa = PBXFileReference; explicitFileType = wrapper.cfbundle; includeInIndex = 0; path = api_callsTests.xctest; sourceTree = BUILT_PRODUCTS_DIR; };
		C21292801B28EA1A009CEDBC /* Info.plist */ = {isa = PBXFileReference; lastKnownFileType = text.plist.xml; path = Info.plist; sourceTree = "<group>"; };
		C21292811B28EA1A009CEDBC /* api_callsTests.swift */ = {isa = PBXFileReference; lastKnownFileType = sourcecode.swift; path = api_callsTests.swift; sourceTree = "<group>"; };
/* End PBXFileReference section */

/* Begin PBXFrameworksBuildPhase section */
		C21292631B28EA1A009CEDBC /* Frameworks */ = {
			isa = PBXFrameworksBuildPhase;
			buildActionMask = 2147483647;
			files = (
			);
			runOnlyForDeploymentPostprocessing = 0;
		};
		C21292781B28EA1A009CEDBC /* Frameworks */ = {
			isa = PBXFrameworksBuildPhase;
			buildActionMask = 2147483647;
			files = (
			);
			runOnlyForDeploymentPostprocessing = 0;
		};
/* End PBXFrameworksBuildPhase section */

/* Begin PBXGroup section */
		C212925D1B28EA1A009CEDBC = {
			isa = PBXGroup;
			children = (
				C21292681B28EA1A009CEDBC /* api_calls */,
				C212927E1B28EA1A009CEDBC /* api_callsTests */,
				C21292671B28EA1A009CEDBC /* Products */,
			);
			sourceTree = "<group>";
		};
		C21292671B28EA1A009CEDBC /* Products */ = {
			isa = PBXGroup;
			children = (
				C21292661B28EA1A009CEDBC /* api_calls.app */,
				C212927B1B28EA1A009CEDBC /* api_callsTests.xctest */,
			);
			name = Products;
			sourceTree = "<group>";
		};
		C21292681B28EA1A009CEDBC /* api_calls */ = {
			isa = PBXGroup;
			children = (
				C212926B1B28EA1A009CEDBC /* AppDelegate.swift */,
				C212926D1B28EA1A009CEDBC /* ViewController.swift */,
				C212926F1B28EA1A009CEDBC /* Main.storyboard */,
				C21292721B28EA1A009CEDBC /* Images.xcassets */,
				C21292741B28EA1A009CEDBC /* LaunchScreen.xib */,
				C21292691B28EA1A009CEDBC /* Supporting Files */,
			);
			path = api_calls;
			sourceTree = "<group>";
		};
		C21292691B28EA1A009CEDBC /* Supporting Files */ = {
			isa = PBXGroup;
			children = (
				C212926A1B28EA1A009CEDBC /* Info.plist */,
			);
			name = "Supporting Files";
			sourceTree = "<group>";
		};
		C212927E1B28EA1A009CEDBC /* api_callsTests */ = {
			isa = PBXGroup;
			children = (
				C21292811B28EA1A009CEDBC /* api_callsTests.swift */,
				C212927F1B28EA1A009CEDBC /* Supporting Files */,
			);
			path = api_callsTests;
			sourceTree = "<group>";
		};
		C212927F1B28EA1A009CEDBC /* Supporting Files */ = {
			isa = PBXGroup;
			children = (
				C21292801B28EA1A009CEDBC /* Info.plist */,
			);
			name = "Supporting Files";
			sourceTree = "<group>";
		};
/* End PBXGroup section */

/* Begin PBXNativeTarget section */
		C21292651B28EA1A009CEDBC /* api_calls */ = {
			isa = PBXNativeTarget;
			buildConfigurationList = C21292851B28EA1A009CEDBC /* Build configuration list for PBXNativeTarget "api_calls" */;
			buildPhases = (
				C21292621B28EA1A009CEDBC /* Sources */,
				C21292631B28EA1A009CEDBC /* Frameworks */,
				C21292641B28EA1A009CEDBC /* Resources */,
			);
			buildRules = (
			);
			dependencies = (
			);
			name = api_calls;
			productName = api_calls;
			productReference = C21292661B28EA1A009CEDBC /* api_calls.app */;
			productType = "com.apple.product-type.application";
		};
		C212927A1B28EA1A009CEDBC /* api_callsTests */ = {
			isa = PBXNativeTarget;
			buildConfigurationList = C21292881B28EA1A009CEDBC /* Build configuration list for PBXNativeTarget "api_callsTests" */;
			buildPhases = (
				C21292771B28EA1A009CEDBC /* Sources */,
				C21292781B28EA1A009CEDBC /* Frameworks */,
				C21292791B28EA1A009CEDBC /* Resources */,
			);
			buildRules = (
			);
			dependencies = (
				C212927D1B28EA1A009CEDBC /* PBXTargetDependency */,
			);
			name = api_callsTests;
			productName = api_callsTests;
			productReference = C212927B1B28EA1A009CEDBC /* api_callsTests.xctest */;
			productType = "com.apple.product-type.bundle.unit-test";
		};
/* End PBXNativeTarget section */

/* Begin PBXProject section */
		C212925E1B28EA1A009CEDBC /* Project object */ = {
			isa = PBXProject;
			attributes = {
				LastUpgradeCheck = 0630;
				ORGANIZATIONNAME = "Vidyadhar V Thatte";
				TargetAttributes = {
					C21292651B28EA1A009CEDBC = {
						CreatedOnToolsVersion = 6.3.2;
					};
					C212927A1B28EA1A009CEDBC = {
						CreatedOnToolsVersion = 6.3.2;
						TestTargetID = C21292651B28EA1A009CEDBC;
					};
				};
			};
			buildConfigurationList = C21292611B28EA1A009CEDBC /* Build configuration list for PBXProject "api_calls" */;
			compatibilityVersion = "Xcode 3.2";
			developmentRegion = English;
			hasScannedForEncodings = 0;
			knownRegions = (
				en,
				Base,
			);
			mainGroup = C212925D1B28EA1A009CEDBC;
			productRefGroup = C21292671B28EA1A009CEDBC /* Products */;
			projectDirPath = "";
			projectRoot = "";
			targets = (
				C21292651B28EA1A009CEDBC /* api_calls */,
				C212927A1B28EA1A009CEDBC /* api_callsTests */,
			);
		};
/* End PBXProject section */

/* Begin PBXResourcesBuildPhase section */
		C21292641B28EA1A009CEDBC /* Resources */ = {
			isa = PBXResourcesBuildPhase;
			buildActionMask = 2147483647;
			files = (
				C21292711B28EA1A009CEDBC /* Main.storyboard in Resources */,
				C21292761B28EA1A009CEDBC /* LaunchScreen.xib in Resources */,
				C21292731B28EA1A009CEDBC /* Images.xcassets in Resources */,
			);
			runOnlyForDeploymentPostprocessing = 0;
		};
		C21292791B28EA1A009CEDBC /* Resources */ = {
			isa = PBXResourcesBuildPhase;
			buildActionMask = 2147483647;
			files = (
			);
			runOnlyForDeploymentPostprocessing = 0;
		};
/* End PBXResourcesBuildPhase section */

/* Begin PBXSourcesBuildPhase section */
		C21292621B28EA1A009CEDBC /* Sources */ = {
			isa = PBXSourcesBuildPhase;
			buildActionMask = 2147483647;
			files = (
				C212926E1B28EA1A009CEDBC /* ViewController.swift in Sources */,
				C212926C1B28EA1A009CEDBC /* AppDelegate.swift in Sources */,
			);
			runOnlyForDeploymentPostprocessing = 0;
		};
		C21292771B28EA1A009CEDBC /* Sources */ = {
			isa = PBXSourcesBuildPhase;
			buildActionMask = 2147483647;
			files = (
				C21292821B28EA1A009CEDBC /* api_callsTests.swift in Sources */,
			);
			runOnlyForDeploymentPostprocessing = 0;
		};
/* End PBXSourcesBuildPhase section */

/* Begin PBXTargetDependency section */
		C212927D1B28EA1A009CEDBC /* PBXTargetDependency */ = {
			isa = PBXTargetDependency;
			target = C21292651B28EA1A009CEDBC /* api_calls */;
			targetProxy = C212927C1B28EA1A009CEDBC /* PBXContainerItemProxy */;
		};
/* End PBXTargetDependency section */

/* Begin PBXVariantGroup section */
		C212926F1B28EA1A009CEDBC /* Main.storyboard */ = {
			isa = PBXVariantGroup;
			children = (
				C21292701B28EA1A009CEDBC /* Base */,
			);
			name = Main.storyboard;
			sourceTree = "<group>";
		};
		C21292741B28EA1A009CEDBC /* LaunchScreen.xib */ = {
			isa = PBXVariantGroup;
			children = (
				C21292751B28EA1A009CEDBC /* Base */,
			);
			name = LaunchScreen.xib;
			sourceTree = "<group>";
		};
/* End PBXVariantGroup section */

/* Begin XCBuildConfiguration section */
		C21292831B28EA1A009CEDBC /* Debug */ = {
			isa = XCBuildConfiguration;
			buildSettings = {
				ALWAYS_SEARCH_USER_PATHS = NO;
				CLANG_CXX_LANGUAGE_STANDARD = "gnu++0x";
				CLANG_CXX_LIBRARY = "libc++";
				CLANG_ENABLE_MODULES = YES;
				CLANG_ENABLE_OBJC_ARC = YES;
				CLANG_WARN_BOOL_CONVERSION = YES;
				CLANG_WARN_CONSTANT_CONVERSION = YES;
				CLANG_WARN_DIRECT_OBJC_ISA_USAGE = YES_ERROR;
				CLANG_WARN_EMPTY_BODY = YES;
				CLANG_WARN_ENUM_CONVERSION = YES;
				CLANG_WARN_INT_CONVERSION = YES;
				CLANG_WARN_OBJC_ROOT_CLASS = YES_ERROR;
				CLANG_WARN_UNREACHABLE_CODE = YES;
				CLANG_WARN__DUPLICATE_METHOD_MATCH = YES;
				"CODE_SIGN_IDENTITY[sdk=iphoneos*]" = "iPhone Developer";
				COPY_PHASE_STRIP = NO;
				DEBUG_INFORMATION_FORMAT = "dwarf-with-dsym";
				ENABLE_STRICT_OBJC_MSGSEND = YES;
				GCC_C_LANGUAGE_STANDARD = gnu99;
				GCC_DYNAMIC_NO_PIC = NO;
				GCC_NO_COMMON_BLOCKS = YES;
				GCC_OPTIMIZATION_LEVEL = 0;
				GCC_PREPROCESSOR_DEFINITIONS = (
					"DEBUG=1",
					"$(inherited)",
				);
				GCC_SYMBOLS_PRIVATE_EXTERN = NO;
				GCC_WARN_64_TO_32_BIT_CONVERSION = YES;
				GCC_WARN_ABOUT_RETURN_TYPE = YES_ERROR;
				GCC_WARN_UNDECLARED_SELECTOR = YES;
				GCC_WARN_UNINITIALIZED_AUTOS = YES_AGGRESSIVE;
				GCC_WARN_UNUSED_FUNCTION = YES;
				GCC_WARN_UNUSED_VARIABLE = YES;
				IPHONEOS_DEPLOYMENT_TARGET = 8.3;
				MTL_ENABLE_DEBUG_INFO = YES;
				ONLY_ACTIVE_ARCH = YES;
				SDKROOT = iphoneos;
				SWIFT_OPTIMIZATION_LEVEL = "-Onone";
			};
			name = Debug;
		};
		C21292841B28EA1A009CEDBC /* Release */ = {
			isa = XCBuildConfiguration;
			buildSettings = {
				ALWAYS_SEARCH_USER_PATHS = NO;
				CLANG_CXX_LANGUAGE_STANDARD = "gnu++0x";
				CLANG_CXX_LIBRARY = "libc++";
				CLANG_ENABLE_MODULES = YES;
				CLANG_ENABLE_OBJC_ARC = YES;
				CLANG_WARN_BOOL_CONVERSION = YES;
				CLANG_WARN_CONSTANT_CONVERSION = YES;
				CLANG_WARN_DIRECT_OBJC_ISA_USAGE = YES_ERROR;
				CLANG_WARN_EMPTY_BODY = YES;
				CLANG_WARN_ENUM_CONVERSION = YES;
				CLANG_WARN_INT_CONVERSION = YES;
				CLANG_WARN_OBJC_ROOT_CLASS = YES_ERROR;
				CLANG_WARN_UNREACHABLE_CODE = YES;
				CLANG_WARN__DUPLICATE_METHOD_MATCH = YES;
				"CODE_SIGN_IDENTITY[sdk=iphoneos*]" = "iPhone Developer";
				COPY_PHASE_STRIP = NO;
				DEBUG_INFORMATION_FORMAT = "dwarf-with-dsym";
				ENABLE_NS_ASSERTIONS = NO;
				ENABLE_STRICT_OBJC_MSGSEND = YES;
				GCC_C_LANGUAGE_STANDARD = gnu99;
				GCC_NO_COMMON_BLOCKS = YES;
				GCC_WARN_64_TO_32_BIT_CONVERSION = YES;
				GCC_WARN_ABOUT_RETURN_TYPE = YES_ERROR;
				GCC_WARN_UNDECLARED_SELECTOR = YES;
				GCC_WARN_UNINITIALIZED_AUTOS = YES_AGGRESSIVE;
				GCC_WARN_UNUSED_FUNCTION = YES;
				GCC_WARN_UNUSED_VARIABLE = YES;
				IPHONEOS_DEPLOYMENT_TARGET = 8.3;
				MTL_ENABLE_DEBUG_INFO = NO;
				SDKROOT = iphoneos;
				VALIDATE_PRODUCT = YES;
			};
			name = Release;
		};
		C21292861B28EA1A009CEDBC /* Debug */ = {
			isa = XCBuildConfiguration;
			buildSettings = {
				ASSETCATALOG_COMPILER_APPICON_NAME = AppIcon;
				INFOPLIST_FILE = api_calls/Info.plist;
				LD_RUNPATH_SEARCH_PATHS = "$(inherited) @executable_path/Frameworks";
				PRODUCT_NAME = "$(TARGET_NAME)";
			};
			name = Debug;
		};
		C21292871B28EA1A009CEDBC /* Release */ = {
			isa = XCBuildConfiguration;
			buildSettings = {
				ASSETCATALOG_COMPILER_APPICON_NAME = AppIcon;
				INFOPLIST_FILE = api_calls/Info.plist;
				LD_RUNPATH_SEARCH_PATHS = "$(inherited) @executable_path/Frameworks";
				PRODUCT_NAME = "$(TARGET_NAME)";
			};
			name = Release;
		};
		C21292891B28EA1A009CEDBC /* Debug */ = {
			isa = XCBuildConfiguration;
			buildSettings = {
				BUNDLE_LOADER = "$(TEST_HOST)";
				FRAMEWORK_SEARCH_PATHS = (
					"$(SDKROOT)/Developer/Library/Frameworks",
					"$(inherited)",
				);
				GCC_PREPROCESSOR_DEFINITIONS = (
					"DEBUG=1",
					"$(inherited)",
				);
				INFOPLIST_FILE = api_callsTests/Info.plist;
				LD_RUNPATH_SEARCH_PATHS = "$(inherited) @executable_path/Frameworks @loader_path/Frameworks";
				PRODUCT_NAME = "$(TARGET_NAME)";
				TEST_HOST = "$(BUILT_PRODUCTS_DIR)/api_calls.app/api_calls";
			};
			name = Debug;
		};
		C212928A1B28EA1A009CEDBC /* Release */ = {
			isa = XCBuildConfiguration;
			buildSettings = {
				BUNDLE_LOADER = "$(TEST_HOST)";
				FRAMEWORK_SEARCH_PATHS = (
					"$(SDKROOT)/Developer/Library/Frameworks",
					"$(inherited)",
				);
				INFOPLIST_FILE = api_callsTests/Info.plist;
				LD_RUNPATH_SEARCH_PATHS = "$(inherited) @executable_path/Frameworks @loader_path/Frameworks";
				PRODUCT_NAME = "$(TARGET_NAME)";
				TEST_HOST = "$(BUILT_PRODUCTS_DIR)/api_calls.app/api_calls";
			};
			name = Release;
		};
/* End XCBuildConfiguration section */

/* Begin XCConfigurationList section */
		C21292611B28EA1A009CEDBC /* Build configuration list for PBXProject "api_calls" */ = {
			isa = XCConfigurationList;
			buildConfigurations = (
				C21292831B28EA1A009CEDBC /* Debug */,
				C21292841B28EA1A009CEDBC /* Release */,
			);
			defaultConfigurationIsVisible = 0;
			defaultConfigurationName = Release;
		};
		C21292851B28EA1A009CEDBC /* Build configuration list for PBXNativeTarget "api_calls" */ = {
			isa = XCConfigurationList;
			buildConfigurations = (
				C21292861B28EA1A009CEDBC /* Debug */,
				C21292871B28EA1A009CEDBC /* Release */,
			);
			defaultConfigurationIsVisible = 0;
		};
		C21292881B28EA1A009CEDBC /* Build configuration list for PBXNativeTarget "api_callsTests" */ = {
			isa = XCConfigurationList;
			buildConfigurations = (
				C21292891B28EA1A009CEDBC /* Debug */,
				C212928A1B28EA1A009CEDBC /* Release */,
			);
			defaultConfigurationIsVisible = 0;
		};
/* End XCConfigurationList section */
	};
	rootObject = C212925E1B28EA1A009CEDBC /* Project object */;
}
